
Microsoft Visual Studio Solution File, Format Version 12.00
# Visual Studio Version 17
VisualStudioVersion = 17.14.36623.8
MinimumVisualStudioVersion = 10.0.40219.1
Project("{FAE04EC0-301F-11D3-BF4B-00C04F79EFBC}") = "CSharpInterviewPrograms", "Programs\CSharpInterviewPrograms.csproj", "{F78C569B-2B09-4335-AE7B-A5DA7D003854}"
EndProject
Global
	GlobalSection(SolutionConfigurationPlatforms) = preSolution
		Debug|Any CPU = Debug|Any CPU
		Release|Any CPU = Release|Any CPU
	EndGlobalSection
	GlobalSection(ProjectConfigurationPlatforms) = postSolution
		{F78C569B-2B09-4335-AE7B-A5DA7D003854}.Debug|Any CPU.ActiveCfg = Debug|Any CPU
		{F78C569B-2B09-4335-AE7B-A5DA7D003854}.Debug|Any CPU.Build.0 = Debug|Any CPU
		{F78C569B-2B09-4335-AE7B-A5DA7D003854}.Release|Any CPU.ActiveCfg = Release|Any CPU
		{F78C569B-2B09-4335-AE7B-A5DA7D003854}.Release|Any CPU.Build.0 = Release|Any CPU
	EndGlobalSection
	GlobalSection(SolutionProperties) = preSolution
		HideSolutionNode = FALSE
	EndGlobalSection
	GlobalSection(ExtensibilityGlobals) = postSolution
		SolutionGuid = {B00E9716-FC6B-4C96-8502-2E614747431A}
	EndGlobalSection
EndGlobal
